
Microsoft Visual Studio Solution File, Format Version 12.00
# Visual Studio Version 17
VisualStudioVersion = 17.13.35931.197 d17.13
MinimumVisualStudioVersion = 10.0.40219.1
Project("{FAE04EC0-301F-11D3-BF4B-00C04F79EFBC}") = "TP2", "TP2\TP2.csproj", "{04C83479-E950-43CD-B58C-A847A7774778}"
EndProject
Global
	GlobalSection(SolutionConfigurationPlatforms) = preSolution
		Debug|Any CPU = Debug|Any CPU
		Release|Any CPU = Release|Any CPU
	EndGlobalSection
	GlobalSection(ProjectConfigurationPlatforms) = postSolution
		{04C83479-E950-43CD-B58C-A847A7774778}.Debug|Any CPU.ActiveCfg = Debug|Any CPU
		{04C83479-E950-43CD-B58C-A847A7774778}.Debug|Any CPU.Build.0 = Debug|Any CPU
		{04C83479-E950-43CD-B58C-A847A7774778}.Release|Any CPU.ActiveCfg = Release|Any CPU
		{04C83479-E950-43CD-B58C-A847A7774778}.Release|Any CPU.Build.0 = Release|Any CPU
	EndGlobalSection
	GlobalSection(SolutionProperties) = preSolution
		HideSolutionNode = FALSE
	EndGlobalSection
	GlobalSection(ExtensibilityGlobals) = postSolution
		SolutionGuid = {9F726506-3D1C-49F5-B226-47BB9AE798F1}
	EndGlobalSection
EndGlobal
